PODS:
  - Alamofire (3.4.1)
  - Analytics (3.2.6)
  - Appboy-iOS-SDK (2.21.0):
    - SDWebImage (~> 3.7)
  - ChameleonFramework/Default (2.1.0)
  - ChameleonFramework/Swift (2.1.0):
    - ChameleonFramework/Default
  - Crashlytics (3.7.2):
    - Fabric (~> 1.6.3)
  - CryptoSwift (0.5.1)
  - DZNEmptyDataSet (1.8.1)
  - Fabric (1.6.7)
  - FontAwesomeKit (2.2.0):
    - FontAwesomeKit/Core (= 2.2.0)
    - FontAwesomeKit/FontAwesome (= 2.2.0)
    - FontAwesomeKit/FoundationIcons (= 2.2.0)
    - FontAwesomeKit/IonIcons (= 2.2.0)
    - FontAwesomeKit/Zocial (= 2.2.0)
  - FontAwesomeKit/Core (2.2.0)
  - FontAwesomeKit/FontAwesome (2.2.0):
    - FontAwesomeKit/Core
  - FontAwesomeKit/FoundationIcons (2.2.0):
    - FontAwesomeKit/Core
  - FontAwesomeKit/IonIcons (2.2.0):
    - FontAwesomeKit/Core
  - FontAwesomeKit/Zocial (2.2.0):
    - FontAwesomeKit/Core
  - IQKeyboardManagerSwift (4.0.4)
  - KeychainAccess (2.3.6)
  - Localytics (4.0.0)
  - PermissionScope (1.0.2)
  - SDWebImage (3.8.1):
    - SDWebImage/Core (= 3.8.1)
  - SDWebImage/Core (3.8.1)
  - Segment-Appboy (1.0.3):
    - Analytics (~> 3.0)
    - Appboy-iOS-SDK
  - Segment-Localytics (1.0.3):
    - Analytics (~> 3.0)
    - Localytics (~> 4.0)
  - Siesta/Alamofire (1.0-beta.6):
    - Alamofire (> 2)
    - Siesta/Core
  - Siesta/Core (1.0-beta.6)
  - SwiftyBeaver (0.6.3)

DEPENDENCIES:
  - Analytics
  - ChameleonFramework/Swift
  - Crashlytics
  - CryptoSwift
  - DZNEmptyDataSet
  - Fabric
  - FontAwesomeKit
  - IQKeyboardManagerSwift
  - KeychainAccess
  - PermissionScope
  - SDWebImage
  - Segment-Appboy
  - Segment-Localytics
  - Siesta/Alamofire (= 1.0-beta.6)
  - SwiftyBeaver

SPEC CHECKSUMS:
  Alamofire: 01a82e2f6c0f860ade35534c8dd88be61bdef40c
  Analytics: ad1c5bdc169866d72afdbc918084d0695010e35a
  Appboy-iOS-SDK: 830af358ddd534225545d1f8305e38b88121df7e
  ChameleonFramework: d21a3cc247abfe5e37609a283a8238b03575cf64
  Crashlytics: 130ab943f8c78cda7a814b434f270b2e2c8a3cba
  CryptoSwift: df42dda18baf6c76347a94e227dbcc0a341304bd
  DZNEmptyDataSet: 9525833b9e68ac21c30253e1d3d7076cc828eaa7
  Fabric: caf7580c725e64db144f610ac65cd60956911dc7
  FontAwesomeKit: 025fd4dd1017fe4e3f8d47b03e024deedbb33cd4
  IQKeyboardManagerSwift: e0964d04d6a29b71016fd346dca13ecb80a2823a
  KeychainAccess: 7f10e2ef998ddf954a64d5d608be08677774684d
  Localytics: 205a563a2761b5d844e8bba522d3c1da6cf4bc5b
  PermissionScope: 860828c5516d349b6f49e5491799cfef33c5ccc7
  SDWebImage: 35f9627a3e44b4f292a8a8ce6a531fa488239b91
  Segment-Appboy: 9b2a738d8fcd05fb1fccb7be57fb54423c5dfcaa
  Segment-Localytics: 2ecf2617fb6f22d451075d66b1bfda9c44c003f7
  Siesta: 353fba713b4ce9112c26f6b5038ccebeb897f60b
  SwiftyBeaver: c182c001d532111becf2285b8878abf54c7b5621

PODFILE CHECKSUM: 086946981a020d642aa53949ecea58a78d7e03de

COCOAPODS: 1.1.0.beta.1
